{
  "version": 1,
  "dependencies": {
    "net10.0": {
      "Microsoft.AspNetCore.Mvc.Testing": {
        "type": "Direct",
        "requested": "[10.0.4, )",
        "resolved": "10.0.4",
        "contentHash": "ZkgmjUX4Q1ffkpomVKFZWvBXiJsLWvEETme+QDJme7NST7dc3DaVEdgL6xs5QfglDke9tX5kLrs253ZFMMGB3g==",
        "dependencies": {
          "Microsoft.AspNetCore.TestHost": "10.0.4",
          "Microsoft.Extensions.DependencyModel": "10.0.4",
          "Microsoft.Extensions.Hosting": "10.0.4"
        }
      },
      "Microsoft.NET.Test.Sdk": {
        "type": "Direct",
        "requested": "[17.13.0, )",
        "resolved": "17.13.0",
        "contentHash": "W19wCPizaIC9Zh47w8wWI/yxuqR7/dtABwOrc8r2jX/8mUNxM2vw4fXDh+DJTeogxV+KzKwg5jNNGQVwf3LXyA==",
        "dependencies": {
          "Microsoft.CodeCoverage": "17.13.0",
          "Microsoft.TestPlatform.TestHost": "17.13.0"
        }
      },
      "System.IdentityModel.Tokens.Jwt": {
        "type": "Direct",
        "requested": "[8.14.0, )",
        "resolved": "8.14.0",
        "contentHash": "EYGgN/S+HK7S6F3GaaPLFAfK0UzMrkXFyWCvXpQWFYmZln3dqtbyIO7VuTM/iIIPMzkelg8ZLlBPvMhxj6nOAA==",
        "dependencies": {
          "Microsoft.IdentityModel.JsonWebTokens": "8.14.0",
          "Microsoft.IdentityModel.Tokens": "8.14.0"
        }
      },
      "xunit": {
        "type": "Direct",
        "requested": "[2.9.3, )",
        "resolved": "2.9.3",
        "contentHash": "TlXQBinK35LpOPKHAqbLY4xlEen9TBafjs0V5KnA4wZsoQLQJiirCR4CbIXvOH8NzkW4YeJKP5P/Bnrodm0h9Q==",
        "dependencies": {
          "xunit.analyzers": "1.18.0",
          "xunit.assert": "2.9.3",
          "xunit.core": "[2.9.3]"
        }
      },
      "xunit.runner.visualstudio": {
        "type": "Direct",
        "requested": "[2.8.2, )",
        "resolved": "2.8.2",
        "contentHash": "vm1tbfXhFmjFMUmS4M0J0ASXz3/U5XvXBa6DOQUL3fEz4Vt6YPhv+ESCarx6M6D+9kJkJYZKCNvJMas1+nVfmQ=="
      },
      "Microsoft.AspNetCore.Authentication.JwtBearer": {
        "type": "Transitive",
        "resolved": "10.0.4",
        "contentHash": "1mUwGyeGrGETdhlU/ZzNZeN2J6ugqf9EztZyG+WQIZwkaH5+lFNza15+cNCXhXNA0MKo1iohr5vj60eqR2J44Q==",
        "dependencies": {
          "Microsoft.IdentityModel.Protocols.OpenIdConnect": "8.0.1"
        }
      },
      "Microsoft.AspNetCore.Cryptography.Internal": {
        "type": "Transitive",
        "resolved": "10.0.4",
        "contentHash": "63eZHvKVbBnjX3QDbac2S+05SKbaX/2yiQYZI0VR10EegeZGMhT1LPgi0ax76UfLkFOgap7UGpybPbjgzUrlag=="
      },
      "Microsoft.AspNetCore.Cryptography.KeyDerivation": {
        "type": "Transitive",
        "resolved": "10.0.4",
        "contentHash": "+Bi0aTctq7Z+j2lpSfQ/CdrA8x7JcsmJDd8KC6IC93rvNokRbi3wJ4H0gJqlNysTGp764D/KGsL93fsqddlLEw==",
        "dependencies": {
          "Microsoft.AspNetCore.Cryptography.Internal": "10.0.4"
        }
      },
      "Microsoft.AspNetCore.TestHost": {
        "type": "Transitive",
        "resolved": "10.0.4",
        "contentHash": "+kBqWRfgforSlqlW+s8VotYy1OxdCbg20ZUVHcxjRcMHEtoMq7IJMbtc7jtacgWSMy+Ct154SLOYHCp7Azpp+w=="
      },
      "Microsoft.CodeCoverage": {
        "type": "Transitive",
        "resolved": "17.13.0",
        "contentHash": "9LIUy0y+DvUmEPtbRDw6Bay3rzwqFV8P4efTrK4CZhQle3M/QwLPjISghfcolmEGAPWxuJi6m98ZEfk4VR4Lfg=="
      },
      "Microsoft.Data.Sqlite.Core": {
        "type": "Transitive",
        "resolved": "10.0.4",
        "contentHash": "UkmpN2pDkrtVLh+ypRDCbBij9mhPqOPzvHI625rf+VeT3FHnBwBjAY7XgjK8rGDI74fDx7C1SSIf2OAaAX4g2A==",
        "dependencies": {
          "SQLitePCLRaw.core": "2.1.11"
        }
      },
      "Microsoft.EntityFrameworkCore": {
        "type": "Transitive",
        "resolved": "10.0.4",
        "contentHash": "kzTsfFK2GCytp6DDTfQOmxPU4gbGdrIlP7PxrxF3ESNLtfXrC8BoUVZENBN2WORlZPAD7CVX6AYIglgkpXQooA==",
        "dependencies": {
          "Microsoft.EntityFrameworkCore.Abstractions": "10.0.4",
          "Microsoft.EntityFrameworkCore.Analyzers": "10.0.4",
          "Microsoft.Extensions.Caching.Memory": "10.0.4",
          "Microsoft.Extensions.Logging": "10.0.4"
        }
      },
      "Microsoft.EntityFrameworkCore.Abstractions": {
        "type": "Transitive",
        "resolved": "10.0.4",
        "contentHash": "qDcJqCfN1XYyX0ID/Hd9/kQTRvlia8S+Yuwyl9uFhBIKnOCbl9WMdGQCzbZUKbkpkfvf3P9CDdXsnxHyE3O0Aw=="
      },
      "Microsoft.EntityFrameworkCore.Analyzers": {
        "type": "Transitive",
        "resolved": "10.0.4",
        "contentHash": "pQeMHCyD3yTtCEGnHV4VsgKUvrESo3MR5mnh8sgQ1hWYmI1YFsUutDowBIxkobeWRtaRmBqQAtF7XQFW6FWuNA=="
      },
      "Microsoft.EntityFrameworkCore.Relational": {
        "type": "Transitive",
        "resolved": "10.0.4",
        "contentHash": "DOTjTHy93W3TwpMLM4SCm0n57Sc0Jj3+m2S6LSTstKyBB34eT1UouaMS19mpWwvtj42+sRiEjA3+rOTNoNzXFQ==",
        "dependencies": {
          "Microsoft.EntityFrameworkCore": "10.0.4",
          "Microsoft.Extensions.Caching.Memory": "10.0.4",
          "Microsoft.Extensions.Configuration.Abstractions": "10.0.4",
          "Microsoft.Extensions.Logging": "10.0.4"
        }
      },
      "Microsoft.EntityFrameworkCore.Sqlite": {
        "type": "Transitive",
        "resolved": "10.0.4",
        "contentHash": "cbc/Ave31CbPQ9E29dfaA4QjcsBoc8KokNlLC6Noj0uToHDQ9PPllD+k6HluVbaFpflsU8XGwrQxOoyvXlU97g==",
        "dependencies": {
          "Microsoft.EntityFrameworkCore.Sqlite.Core": "10.0.4",
          "Microsoft.Extensions.Caching.Memory": "10.0.4",
          "Microsoft.Extensions.Configuration.Abstractions": "10.0.4",
          "Microsoft.Extensions.DependencyModel": "10.0.4",
          "Microsoft.Extensions.Logging": "10.0.4",
          "SQLitePCLRaw.bundle_e_sqlite3": "2.1.11",
          "SQLitePCLRaw.core": "2.1.11"
        }
      },
      "Microsoft.EntityFrameworkCore.Sqlite.Core": {
        "type": "Transitive",
        "resolved": "10.0.4",
        "contentHash": "8D3Kk7assWpi93DuicgucDqGoOsgEgLlZy8io0FUlSGG2b4wkRWkjXn4xFBX+BzxExjfcYvHhtcBpqkXhe2p0A==",
        "dependencies": {
          "Microsoft.Data.Sqlite.Core": "10.0.4",
          "Microsoft.EntityFrameworkCore.Relational": "10.0.4",
          "Microsoft.Extensions.Caching.Memory": "10.0.4",
          "Microsoft.Extensions.Configuration.Abstractions": "10.0.4",
          "Microsoft.Extensions.DependencyModel": "10.0.4",
          "Microsoft.Extensions.Logging": "10.0.4",
          "SQLitePCLRaw.core": "2.1.11"
        }
      },
      "Microsoft.Extensions.AI.Abstractions": {
        "type": "Transitive",
        "resolved": "10.4.1",
        "contentHash": "ZxhU/wg9BOc3ohibhLl18toPLWm96ysQoE+3OhCgrZ0TUPZd7bsUmGteeatz08yweyuPIEhtyUzEZTF+3bMWEQ=="
      },
      "Microsoft.Extensions.Caching.Abstractions": {
        "type": "Transitive",
        "resolved": "10.0.5",
        "contentHash": "k/QDdQ94/0Shi0KfU+e12m73jfQo+3JpErTtgpZfsCIqkvdEEO0XIx6R+iTbN55rNPaNhOqNY4/sB+jZ8XxVPw==",
        "dependencies": {
          "Microsoft.Extensions.Primitives": "10.0.5"
        }
      },
      "Microsoft.Extensions.Caching.Memory": {
        "type": "Transitive",
        "resolved": "10.0.4",
        "contentHash": "CLLussNUMdSbyJOu4VBF7sqskHGB/5N1EcFzrqG/HsPATN8fCRUcfp0qns1VwkxKHwxrtYCh5FKe+kM81Q1PHA==",
        "dependencies": {
          "Microsoft.Extensions.Caching.Abstractions": "10.0.4",
          "Microsoft.Extensions.DependencyInjection.Abstractions": "10.0.4",
          "Microsoft.Extensions.Logging.Abstractions": "10.0.4",
          "Microsoft.Extensions.Options": "10.0.4",
          "Microsoft.Extensions.Primitives": "10.0.4"
        }
      },
      "Microsoft.Extensions.Configuration": {
        "type": "Transitive",
        "resolved": "10.0.4",
        "contentHash": "601B3ha6XvOsOcu9GVd2dVd1KEDuqr49r46GUWhNJkeZDhZ/NI9EYTyoeQjZQEi8ZUvnrv++FbTfGmC8F0vgtg==",
        "dependencies": {
          "Microsoft.Extensions.Configuration.Abstractions": "10.0.4",
          "Microsoft.Extensions.Primitives": "10.0.4"
        }
      },
      "Microsoft.Extensions.Configuration.Abstractions": {
        "type": "Transitive",
        "resolved": "10.0.5",
        "contentHash": "P09QpTHjqHmCLQOTC+WyLkoRNxek4NIvfWt+TnU0etoDUSRxcltyd6+j/ouRbMdLR0j44GqGO+lhI2M4fAHG4g==",
        "dependencies": {
          "Microsoft.Extensions.Primitives": "10.0.5"
        }
      },
      "Microsoft.Extensions.Configuration.Binder": {
        "type": "Transitive",
        "resolved": "10.0.4",
        "contentHash": "ilnL/kQn62Gx3OZCVT7SJrBNi0CRIhS8VEunmE6i/a9lp9l/eos+hpxMvCW4iX2aVc/NWeDhxuQusZL7zvmKIg==",
        "dependencies": {
          "Microsoft.Extensions.Configuration": "10.0.4",
          "Microsoft.Extensions.Configuration.Abstractions": "10.0.4"
        }
      },
      "Microsoft.Extensions.Configuration.CommandLine": {
        "type": "Transitive",
        "resolved": "10.0.4",
        "contentHash": "DPl2tZZGtqxrkOq/Exo43hRuTA8KI7UXWnf6y0SkRBbqSkqFR1a+7rIZPFMP1KLE2UYiIvfbVR7ynRPJ/HeMDw==",
        "dependencies": {
          "Microsoft.Extensions.Configuration": "10.0.4",
          "Microsoft.Extensions.Configuration.Abstractions": "10.0.4"
        }
      },
      "Microsoft.Extensions.Configuration.EnvironmentVariables": {
        "type": "Transitive",
        "resolved": "10.0.4",
        "contentHash": "iapetemB9HxFe5YzEOD1faKC3pYKKaK0CUi85e5iZU5s541x1UVloswQB5zaN1TZg8t/7ONWaf8RYKuTDjveOw==",
        "dependencies": {
          "Microsoft.Extensions.Configuration": "10.0.4",
          "Microsoft.Extensions.Configuration.Abstractions": "10.0.4"
        }
      },
      "Microsoft.Extensions.Configuration.FileExtensions": {
        "type": "Transitive",
        "resolved": "10.0.4",
        "contentHash": "LD4T4s2uW2kZUkwGc4A9KK5o3wfkgySHKEiYqV0NXeNdeLN563NgNqDpi3DNXAdrt2TwU0rK7QMPdWLLIaMipA==",
        "dependencies": {
          "Microsoft.Extensions.Configuration": "10.0.4",
          "Microsoft.Extensions.Configuration.Abstractions": "10.0.4",
          "Microsoft.Extensions.FileProviders.Abstractions": "10.0.4",
          "Microsoft.Extensions.FileProviders.Physical": "10.0.4",
          "Microsoft.Extensions.Primitives": "10.0.4"
        }
      },
      "Microsoft.Extensions.Configuration.Json": {
        "type": "Transitive",
        "resolved": "10.0.4",
        "contentHash": "gn2Rf0dvIa6Sz/WJ5cNHhG/oUOT1yrHXd7Q0vCpXDlLsMuRqv9G5NBXFJbSh/ZRzSbvbOQWMV0amQS/3N0Fzzg==",
        "dependencies": {
          "Microsoft.Extensions.Configuration": "10.0.4",
          "Microsoft.Extensions.Configuration.Abstractions": "10.0.4",
          "Microsoft.Extensions.Configuration.FileExtensions": "10.0.4",
          "Microsoft.Extensions.FileProviders.Abstractions": "10.0.4"
        }
      },
      "Microsoft.Extensions.Configuration.UserSecrets": {
        "type": "Transitive",
        "resolved": "10.0.4",
        "contentHash": "+lRKEecmj+pSZh3we5sxiVS90YmfdJye4qps6vF9GFRbdm563kU0YyFnwCsm2PDTqQbOe3M8kE2vaV4zleeE7Q==",
        "dependencies": {
          "Microsoft.Extensions.Configuration.Abstractions": "10.0.4",
          "Microsoft.Extensions.Configuration.Json": "10.0.4",
          "Microsoft.Extensions.FileProviders.Abstractions": "10.0.4",
          "Microsoft.Extensions.FileProviders.Physical": "10.0.4"
        }
      },
      "Microsoft.Extensions.DependencyInjection": {
        "type": "Transitive",
        "resolved": "10.0.4",
        "contentHash": "NkvJ8aSr3AG30yabjv7ZWwTG/wq5OElNTlNq39Ok2HSEF3TIwAc1f1xnTJlR/GuoJmEgkfT7WBO9YbSXRk41+g==",
        "dependencies": {
          "Microsoft.Extensions.DependencyInjection.Abstractions": "10.0.4"
        }
      },
      "Microsoft.Extensions.DependencyInjection.Abstractions": {
        "type": "Transitive",
        "resolved": "10.0.5",
        "contentHash": "iVMtq9eRvzyhx8949EGT0OCYJfXi737SbRVzWXE5GrOgGj5AaZ9eUuxA/BSUfmOMALKn/g8KfFaNQw0eiB3lyA=="
      },
      "Microsoft.Extensions.DependencyModel": {
        "type": "Transitive",
        "resolved": "10.0.4",
        "contentHash": "LiJXylfk8pk+2zsUsITkou3QTFMJ8RNJ0oKKY0Oyjt6HJctGJwPw//ZgoNO4J29zKaT+dR4/PI2jW/znRcspLg=="
      },
      "Microsoft.Extensions.Diagnostics": {
        "type": "Transitive",
        "resolved": "10.0.4",
        "contentHash": "R9W7AttMedwOwJ7wRqTGBoVbX2JmlyWA+LJQUhizmS7Be9f6EJUn/+lvaIYDrOYtA1UzAfrwU871hpvZSPyIkg==",
        "dependencies": {
          "Microsoft.Extensions.Configuration": "10.0.4",
          "Microsoft.Extensions.Diagnostics.Abstractions": "10.0.4",
          "Microsoft.Extensions.Options.ConfigurationExtensions": "10.0.4"
        }
      },
      "Microsoft.Extensions.Diagnostics.Abstractions": {
        "type": "Transitive",
        "resolved": "10.0.5",
        "contentHash": "/nYGrpa9/0BZofrVpBbbj+Ns8ZesiPE0V/KxsuHgDgHQopIzN54nRaQGSuvPw16/kI9sW1Zox5yyAPqvf0Jz6A==",
        "dependencies": {
          "Microsoft.Extensions.DependencyInjection.Abstractions": "10.0.5",
          "Microsoft.Extensions.Options": "10.0.5"
        }
      },
      "Microsoft.Extensions.FileProviders.Abstractions": {
        "type": "Transitive",
        "resolved": "10.0.5",
        "contentHash": "nCBmCx0Xemlu65ZiWMcXbvfvtznKxf4/YYKF9R28QkqdI9lTikedGqzJ28/xmdGGsxUnsP5/3TQGpiPwVjK0dA==",
        "dependencies": {
          "Microsoft.Extensions.Primitives": "10.0.5"
        }
      },
      "Microsoft.Extensions.FileProviders.Physical": {
        "type": "Transitive",
        "resolved": "10.0.4",
        "contentHash": "gVVHdOFwlnXmTtx41e2aGfcFXX+8+9DPkOzEqQuHN8rOv+6RQWs/wfeQLaosOt3CQLKNoCaFmHopTtGB9PB5fg==",
        "dependencies": {
          "Microsoft.Extensions.FileProviders.Abstractions": "10.0.4",
          "Microsoft.Extensions.FileSystemGlobbing": "10.0.4",
          "Microsoft.Extensions.Primitives": "10.0.4"
        }
      },
      "Microsoft.Extensions.FileSystemGlobbing": {
        "type": "Transitive",
        "resolved": "10.0.4",
        "contentHash": "eCEFVuuZL++SqMcdB5i4KA16GvcxCzdKKK+clapXYyGMkhd4BxwZi2/vGzo8s7a8Vi0BA78p5u/NScgOP1pzTg=="
      },
      "Microsoft.Extensions.Hosting": {
        "type": "Transitive",
        "resolved": "10.0.4",
        "contentHash": "DqWjjar9YgGXswSmp81jW6kSsOXVqsBkJS9nRI0HEi7NK9c7uSjCfZ0pXLEYlKP3+t3uLWrDdyLIlkKQYxUwmA==",
        "dependencies": {
          "Microsoft.Extensions.Configuration": "10.0.4",
          "Microsoft.Extensions.Configuration.Abstractions": "10.0.4",
          "Microsoft.Extensions.Configuration.Binder": "10.0.4",
          "Microsoft.Extensions.Configuration.CommandLine": "10.0.4",
          "Microsoft.Extensions.Configuration.EnvironmentVariables": "10.0.4",
          "Microsoft.Extensions.Configuration.FileExtensions": "10.0.4",
          "Microsoft.Extensions.Configuration.Json": "10.0.4",
          "Microsoft.Extensions.Configuration.UserSecrets": "10.0.4",
          "Microsoft.Extensions.DependencyInjection": "10.0.4",
          "Microsoft.Extensions.DependencyInjection.Abstractions": "10.0.4",
          "Microsoft.Extensions.Diagnostics": "10.0.4",
          "Microsoft.Extensions.FileProviders.Abstractions": "10.0.4",
          "Microsoft.Extensions.FileProviders.Physical": "10.0.4",
          "Microsoft.Extensions.Hosting.Abstractions": "10.0.4",
          "Microsoft.Extensions.Logging": "10.0.4",
          "Microsoft.Extensions.Logging.Abstractions": "10.0.4",
          "Microsoft.Extensions.Logging.Configuration": "10.0.4",
          "Microsoft.Extensions.Logging.Console": "10.0.4",
          "Microsoft.Extensions.Logging.Debug": "10.0.4",
          "Microsoft.Extensions.Logging.EventLog": "10.0.4",
          "Microsoft.Extensions.Logging.EventSource": "10.0.4",
          "Microsoft.Extensions.Options": "10.0.4"
        }
      },
      "Microsoft.Extensions.Hosting.Abstractions": {
        "type": "Transitive",
        "resolved": "10.0.5",
        "contentHash": "+Wb7KAMVZTomwJkQrjuPTe5KBzGod7N8XeG+ScxRlkPOB4sZLG4ccVwjV4Phk5BCJt7uIMnGHVoN6ZMVploX+g==",
        "dependencies": {
          "Microsoft.Extensions.Configuration.Abstractions": "10.0.5",
          "Microsoft.Extensions.DependencyInjection.Abstractions": "10.0.5",
          "Microsoft.Extensions.Diagnostics.Abstractions": "10.0.5",
          "Microsoft.Extensions.FileProviders.Abstractions": "10.0.5",
          "Microsoft.Extensions.Logging.Abstractions": "10.0.5"
        }
      },
      "Microsoft.Extensions.Identity.Core": {
        "type": "Transitive",
        "resolved": "10.0.4",
        "contentHash": "n2MIwxPu+5+voKM94XFzTTUPRKFc26fhDH4vYqU1BjpNXQIYA9N3Dg811q7K6gOr9YgukaxZqyimkKKj9qUqEA==",
        "dependencies": {
          "Microsoft.AspNetCore.Cryptography.KeyDerivation": "10.0.4",
          "Microsoft.Extensions.Diagnostics": "10.0.4",
          "Microsoft.Extensions.Logging": "10.0.4",
          "Microsoft.Extensions.Options": "10.0.4"
        }
      },
      "Microsoft.Extensions.Logging": {
        "type": "Transitive",
        "resolved": "10.0.4",
        "contentHash": "S8+6fCuMOhJZGk8sGFtOy3VsF9mk9x4UOL59GM91REiA/fmCDjunKKIw4RmStG87qyXPfxelDJf2pXIbTuaBdw==",
        "dependencies": {
          "Microsoft.Extensions.DependencyInjection": "10.0.4",
          "Microsoft.Extensions.Logging.Abstractions": "10.0.4",
          "Microsoft.Extensions.Options": "10.0.4"
        }
      },
      "Microsoft.Extensions.Logging.Abstractions": {
        "type": "Transitive",
        "resolved": "10.0.5",
        "contentHash": "9HOdqlDtPptVcmKAjsQ/Nr5Rxfq6FMYLdhvZh1lVmeKR738qeYecQD7+ldooXf+u2KzzR1kafSphWngIM3C6ug==",
        "dependencies": {
          "Microsoft.Extensions.DependencyInjection.Abstractions": "10.0.5"
        }
      },
      "Microsoft.Extensions.Logging.Configuration": {
        "type": "Transitive",
        "resolved": "10.0.4",
        "contentHash": "XPXoOpUnWEh0pV7Vl2DK2wj47y73Krhrve5OkPrvGIWdZ4U2r47WO8hEdv+wKn65Kh4pmDdiWm7Ibo5pZX+vig==",
        "dependencies": {
          "Microsoft.Extensions.Configuration": "10.0.4",
          "Microsoft.Extensions.Configuration.Abstractions": "10.0.4",
          "Microsoft.Extensions.Configuration.Binder": "10.0.4",
          "Microsoft.Extensions.DependencyInjection.Abstractions": "10.0.4",
          "Microsoft.Extensions.Logging": "10.0.4",
          "Microsoft.Extensions.Logging.Abstractions": "10.0.4",
          "Microsoft.Extensions.Options": "10.0.4",
          "Microsoft.Extensions.Options.ConfigurationExtensions": "10.0.4"
        }
      },
      "Microsoft.Extensions.Logging.Console": {
        "type": "Transitive",
        "resolved": "10.0.4",
        "contentHash": "70fnP/xbQmH3cRtj4jjXOuqRWrYIMRz897KngW5Egu6to60pikT/09Y9ZxCljT/PWQDZ+qLqyeaAwNJe/L6FbA==",
        "dependencies": {
          "Microsoft.Extensions.DependencyInjection.Abstractions": "10.0.4",
          "Microsoft.Extensions.Logging": "10.0.4",
          "Microsoft.Extensions.Logging.Abstractions": "10.0.4",
          "Microsoft.Extensions.Logging.Configuration": "10.0.4",
          "Microsoft.Extensions.Options": "10.0.4"
        }
      },
      "Microsoft.Extensions.Logging.Debug": {
        "type": "Transitive",
        "resolved": "10.0.4",
        "contentHash": "vd1bEO+hoJsQZ+cyhtLT7l5/5rtCgc4G5wJdPlYtWSSXe4hv00CDYTATbpyPjCehZL3pNv+aC1RwRlU5oWA6xQ==",
        "dependencies": {
          "Microsoft.Extensions.DependencyInjection.Abstractions": "10.0.4",
          "Microsoft.Extensions.Logging": "10.0.4",
          "Microsoft.Extensions.Logging.Abstractions": "10.0.4"
        }
      },
      "Microsoft.Extensions.Logging.EventLog": {
        "type": "Transitive",
        "resolved": "10.0.4",
        "contentHash": "P/iPKwMNvtcfX5tb48KbcAs8ZMfv5tfDUilFNtTW9hwiWrLDFBJ7WE1QZuVMb8Ro1MvXHaqmc+p2rRPVEqZ2SA==",
        "dependencies": {
          "Microsoft.Extensions.DependencyInjection.Abstractions": "10.0.4",
          "Microsoft.Extensions.Logging": "10.0.4",
          "Microsoft.Extensions.Logging.Abstractions": "10.0.4",
          "Microsoft.Extensions.Options": "10.0.4",
          "System.Diagnostics.EventLog": "10.0.4"
        }
      },
      "Microsoft.Extensions.Logging.EventSource": {
        "type": "Transitive",
        "resolved": "10.0.4",
        "contentHash": "se693u6nFSHxBaAL6CVshlPhrWiGi6NjgkbmTxACLmuJfcldaGsDdzc0e8Izcz+OFMr6hOtNKMBTbv4U8XaFxw==",
        "dependencies": {
          "Microsoft.Extensions.DependencyInjection.Abstractions": "10.0.4",
          "Microsoft.Extensions.Logging": "10.0.4",
          "Microsoft.Extensions.Logging.Abstractions": "10.0.4",
          "Microsoft.Extensions.Options": "10.0.4",
          "Microsoft.Extensions.Primitives": "10.0.4"
        }
      },
      "Microsoft.Extensions.Options": {
        "type": "Transitive",
        "resolved": "10.0.5",
        "contentHash": "MDaQMdUplw0AIRhWWmbLA7yQEXaLIHb+9CTroTiNS8OlI0LMXS4LCxtopqauiqGCWlRgJ+xyraVD8t6veRAFbw==",
        "dependencies": {
          "Microsoft.Extensions.DependencyInjection.Abstractions": "10.0.5",
          "Microsoft.Extensions.Primitives": "10.0.5"
        }
      },
      "Microsoft.Extensions.Options.ConfigurationExtensions": {
        "type": "Transitive",
        "resolved": "10.0.4",
        "contentHash": "amQUITwSnkbMPxh/ngneNykz4UtytEOXo0M/pbwdBiQU57EAVvBV5PFI8r/dRastUj0yxHVwrH64N9ACR5SdGQ==",
        "dependencies": {
          "Microsoft.Extensions.Configuration.Abstractions": "10.0.4",
          "Microsoft.Extensions.Configuration.Binder": "10.0.4",
          "Microsoft.Extensions.DependencyInjection.Abstractions": "10.0.4",
          "Microsoft.Extensions.Options": "10.0.4",
          "Microsoft.Extensions.Primitives": "10.0.4"
        }
      },
      "Microsoft.Extensions.Primitives": {
        "type": "Transitive",
        "resolved": "10.0.5",
        "contentHash": "/HUHJ0tw/LQvD0DZrz50eQy/3z7PfX7WWEaXnjKTV9/TNdcgFlNTZGo49QhS7PTmhDqMyHRMqAXSBxLh0vso4g=="
      },
      "Microsoft.IdentityModel.Abstractions": {
        "type": "Transitive",
        "resolved": "8.14.0",
        "contentHash": "iwbCpSjD3ehfTwBhtSNEtKPK0ICun6ov7Ibx6ISNA9bfwIyzI2Siwyi9eJFCJBwxowK9xcA1mj+jBWiigeqgcQ=="
      },
      "Microsoft.IdentityModel.JsonWebTokens": {
        "type": "Transitive",
        "resolved": "8.14.0",
        "contentHash": "4jOpiA4THdtpLyMdAb24dtj7+6GmvhOhxf5XHLYWmPKF8ApEnApal1UnJsKO4HxUWRXDA6C4WQVfYyqsRhpNpQ==",
        "dependencies": {
          "Microsoft.IdentityModel.Tokens": "8.14.0"
        }
      },
      "Microsoft.IdentityModel.Logging": {
        "type": "Transitive",
        "resolved": "8.14.0",
        "contentHash": "eqqnemdW38CKZEHS6diA50BV94QICozDZEvSrsvN3SJXUFwVB9gy+/oz76gldP7nZliA16IglXjXTCTdmU/Ejg==",
        "dependencies": {
          "Microsoft.IdentityModel.Abstractions": "8.14.0"
        }
      },
      "Microsoft.IdentityModel.Protocols": {
        "type": "Transitive",
        "resolved": "8.0.1",
        "contentHash": "uA2vpKqU3I2mBBEaeJAWPTjT9v1TZrGWKdgK6G5qJd03CLx83kdiqO9cmiK8/n1erkHzFBwU/RphP83aAe3i3g==",
        "dependencies": {
          "Microsoft.IdentityModel.Tokens": "8.0.1"
        }
      },
      "Microsoft.IdentityModel.Protocols.OpenIdConnect": {
        "type": "Transitive",
        "resolved": "8.0.1",
        "contentHash": "AQDbfpL+yzuuGhO/mQhKNsp44pm5Jv8/BI4KiFXR7beVGZoSH35zMV3PrmcfvSTsyI6qrcR898NzUauD6SRigg==",
        "dependencies": {
          "Microsoft.IdentityModel.Protocols": "8.0.1",
          "System.IdentityModel.Tokens.Jwt": "8.0.1"
        }
      },
      "Microsoft.IdentityModel.Tokens": {
        "type": "Transitive",
        "resolved": "8.14.0",
        "contentHash": "lKIZiBiGd36k02TCdMHp1KlNWisyIvQxcYJvIkz7P4gSQ9zi8dgh6S5Grj8NNG7HWYIPfQymGyoZ6JB5d1Lo1g==",
        "dependencies": {
          "Microsoft.Extensions.Logging.Abstractions": "8.0.0",
          "Microsoft.IdentityModel.Logging": "8.14.0"
        }
      },
      "Microsoft.TestPlatform.ObjectModel": {
        "type": "Transitive",
        "resolved": "17.13.0",
        "contentHash": "bt0E0Dx+iqW97o4A59RCmUmz/5NarJ7LRL+jXbSHod72ibL5XdNm1Ke+UO5tFhBG4VwHLcSjqq9BUSblGNWamw=="
      },
      "Microsoft.TestPlatform.TestHost": {
        "type": "Transitive",
        "resolved": "17.13.0",
        "contentHash": "9GGw08Dc3AXspjekdyTdZ/wYWFlxbgcF0s7BKxzVX+hzAwpifDOdxM+ceVaaJSQOwqt3jtuNlHn3XTpKUS9x9Q==",
        "dependencies": {
          "Microsoft.TestPlatform.ObjectModel": "17.13.0",
          "Newtonsoft.Json": "13.0.1"
        }
      },
      "ModelContextProtocol": {
        "type": "Transitive",
        "resolved": "1.2.0",
        "contentHash": "8lHIp8EY8faMFwDL+JynpFOeFZdsEE/Kxq8XMVfaA+RmQyNWjoWyvNXNQtWzVq+lDUlHLBx0ozerByNfcrciCw==",
        "dependencies": {
          "Microsoft.Extensions.Caching.Abstractions": "10.0.5",
          "Microsoft.Extensions.Hosting.Abstractions": "10.0.5",
          "ModelContextProtocol.Core": "1.2.0"
        }
      },
      "ModelContextProtocol.AspNetCore": {
        "type": "Transitive",
        "resolved": "1.2.0",
        "contentHash": "tVDFKdRCcVz7YTApJ8SV2K5Tt3nor6RcnEkjSbC0X9y3qtp6BCYubRWJcd2ByZ+jIbJG8P34UOaIEbWyVQSLMw==",
        "dependencies": {
          "ModelContextProtocol": "1.2.0"
        }
      },
      "ModelContextProtocol.Core": {
        "type": "Transitive",
        "resolved": "1.2.0",
        "contentHash": "x0eQqFKtV30nWP6yVy0d/3RnAKwM14ay1CHnUNb7EpwZEXJJJqjPENYvpzwqi8+8LNMMK/g33WnnLYIf1JGMOg==",
        "dependencies": {
          "Microsoft.Extensions.AI.Abstractions": "10.4.1",
          "Microsoft.Extensions.Logging.Abstractions": "10.0.5"
        }
      },
      "Newtonsoft.Json": {
        "type": "Transitive",
        "resolved": "13.0.1",
        "contentHash": "ppPFpBcvxdsfUonNcvITKqLl3bqxWbDCZIzDWHzjpdAHRFfZe0Dw9HmA0+za13IdyrgJwpkDTDA9fHaxOrt20A=="
      },
      "SQLitePCLRaw.bundle_e_sqlite3": {
        "type": "Transitive",
        "resolved": "2.1.11",
        "contentHash": "DC4nA7yWnf4UZdgJDF+9Mus4/cb0Y3Sfgi3gDnAoKNAIBwzkskNAbNbyu+u4atT0ruVlZNJfwZmwiEwE5oz9LQ==",
        "dependencies": {
          "SQLitePCLRaw.lib.e_sqlite3": "2.1.11",
          "SQLitePCLRaw.provider.e_sqlite3": "2.1.11"
        }
      },
      "SQLitePCLRaw.core": {
        "type": "Transitive",
        "resolved": "2.1.11",
        "contentHash": "PK0GLFkfhZzLQeR3PJf71FmhtHox+U3vcY6ZtswoMjrefkB9k6ErNJEnwXqc5KgXDSjige2XXrezqS39gkpQKA=="
      },
      "SQLitePCLRaw.lib.e_sqlite3": {
        "type": "Transitive",
        "resolved": "2.1.11",
        "contentHash": "Ev2ytaXiOlWZ4b3R67GZBsemTINslLD1DCJr2xiacpn4tbapu0Q4dHEzSvZSMnVWeE5nlObU3VZN2p81q3XOYQ=="
      },
      "SQLitePCLRaw.provider.e_sqlite3": {
        "type": "Transitive",
        "resolved": "2.1.11",
        "contentHash": "Y/0ZkR+r0Cg3DQFuCl1RBnv/tmxpIZRU3HUvelPw6MVaKHwYYR8YNvgs0vuNuXCMvlyJ+Fh88U1D4tah1tt6qw==",
        "dependencies": {
          "SQLitePCLRaw.core": "2.1.11"
        }
      },
      "System.Diagnostics.EventLog": {
        "type": "Transitive",
        "resolved": "10.0.4",
        "contentHash": "xXo5NcIPeMUMfpo9Efl/3Rgomjb/Jfa3Aa0BgSfqYctN4YpwjPzvIrnD9JTwoKqe3pFtLF9vmtMl892+wwZ6EA=="
      },
      "xunit.abstractions": {
        "type": "Transitive",
        "resolved": "2.0.3",
        "contentHash": "pot1I4YOxlWjIb5jmwvvQNbTrZ3lJQ+jUGkGjWE3hEFM0l5gOnBWS+H3qsex68s5cO52g+44vpGzhAt+42vwKg=="
      },
      "xunit.analyzers": {
        "type": "Transitive",
        "resolved": "1.18.0",
        "contentHash": "OtFMHN8yqIcYP9wcVIgJrq01AfTxijjAqVDy/WeQVSyrDC1RzBWeQPztL49DN2syXRah8TYnfvk035s7L95EZQ=="
      },
      "xunit.assert": {
        "type": "Transitive",
        "resolved": "2.9.3",
        "contentHash": "/Kq28fCE7MjOV42YLVRAJzRF0WmEqsmflm0cfpMjGtzQ2lR5mYVj1/i0Y8uDAOLczkL3/jArrwehfMD0YogMAA=="
      },
      "xunit.core": {
        "type": "Transitive",
        "resolved": "2.9.3",
        "contentHash": "BiAEvqGvyme19wE0wTKdADH+NloYqikiU0mcnmiNyXaF9HyHmE6sr/3DC5vnBkgsWaE6yPyWszKSPSApWdRVeQ==",
        "dependencies": {
          "xunit.extensibility.core": "[2.9.3]",
          "xunit.extensibility.execution": "[2.9.3]"
        }
      },
      "xunit.extensibility.core": {
        "type": "Transitive",
        "resolved": "2.9.3",
        "contentHash": "kf3si0YTn2a8J8eZNb+zFpwfoyvIrQ7ivNk5ZYA5yuYk1bEtMe4DxJ2CF/qsRgmEnDr7MnW1mxylBaHTZ4qErA==",
        "dependencies": {
          "xunit.abstractions": "2.0.3"
        }
      },
      "xunit.extensibility.execution": {
        "type": "Transitive",
        "resolved": "2.9.3",
        "contentHash": "yMb6vMESlSrE3Wfj7V6cjQ3S4TXdXpRqYeNEI3zsX31uTsGMJjEw6oD5F5u1cHnMptjhEECnmZSsPxB6ChZHDQ==",
        "dependencies": {
          "xunit.extensibility.core": "[2.9.3]"
        }
      },
      "boardoil.abstractions": {
        "type": "Project",
        "dependencies": {
          "BoardOil.Contracts": "[1.0.0, )",
          "Microsoft.EntityFrameworkCore": "[10.0.4, )"
        }
      },
      "boardoil.contracts": {
        "type": "Project"
      },
      "boardoil.ef": {
        "type": "Project",
        "dependencies": {
          "BoardOil.Abstractions": "[1.0.0, )",
          "BoardOil.Persistence.Abstractions": "[1.0.0, )",
          "Microsoft.EntityFrameworkCore": "[10.0.4, )",
          "Microsoft.EntityFrameworkCore.Sqlite": "[10.0.4, )"
        }
      },
      "boardoil.mcp.contracts": {
        "type": "Project"
      },
      "boardoil.mcp.server": {
        "type": "Project",
        "dependencies": {
          "BoardOil.Abstractions": "[1.0.0, )",
          "BoardOil.Contracts": "[1.0.0, )",
          "BoardOil.Mcp.Contracts": "[1.0.0, )",
          "BoardOil.Services": "[1.0.0, )",
          "Microsoft.AspNetCore.Authentication.JwtBearer": "[10.0.4, )",
          "ModelContextProtocol": "[1.2.0, )",
          "ModelContextProtocol.AspNetCore": "[1.2.0, )"
        }
      },
      "boardoil.persistence.abstractions": {
        "type": "Project"
      },
      "boardoil.services": {
        "type": "Project",
        "dependencies": {
          "BoardOil.Abstractions": "[1.0.0, )",
          "BoardOil.Contracts": "[1.0.0, )",
          "BoardOil.Ef": "[1.0.0, )",
          "BoardOil.Persistence.Abstractions": "[1.0.0, )",
          "Microsoft.Extensions.Identity.Core": "[10.0.4, )"
        }
      }
    }
  }
}